
Microsoft Visual Studio Solution File, Format Version 12.00
# Visual Studio Version 17
VisualStudioVersion = 17.5.002.0
MinimumVisualStudioVersion = 10.0.40219.1
Project("{9A19103F-16F7-4668-BE54-9A1E7A4F7556}") = "projeto", "projeto\projeto.csproj", "{1F3160D0-FB9C-4D3C-9FA3-7971598BD726}"
EndProject
Global
	GlobalSection(SolutionConfigurationPlatforms) = preSolution
		Debug|Any CPU = Debug|Any CPU
		Release|Any CPU = Release|Any CPU
	EndGlobalSection
	GlobalSection(ProjectConfigurationPlatforms) = postSolution
		{1F3160D0-FB9C-4D3C-9FA3-7971598BD726}.Debug|Any CPU.ActiveCfg = Debug|Any CPU
		{1F3160D0-FB9C-4D3C-9FA3-7971598BD726}.Debug|Any CPU.Build.0 = Debug|Any CPU
		{1F3160D0-FB9C-4D3C-9FA3-7971598BD726}.Release|Any CPU.ActiveCfg = Release|Any CPU
		{1F3160D0-FB9C-4D3C-9FA3-7971598BD726}.Release|Any CPU.Build.0 = Release|Any CPU
	EndGlobalSection
	GlobalSection(SolutionProperties) = preSolution
		HideSolutionNode = FALSE
	EndGlobalSection
	GlobalSection(ExtensibilityGlobals) = postSolution
		SolutionGuid = {6D1B4179-F68B-4CB1-8A69-65639586F396}
	EndGlobalSection
EndGlobal
